Microsoft Visual Studio Solution File, Format Version 12.00
# Visual Studio Version 17
VisualStudioVersion = 17.5.2.0
MinimumVisualStudioVersion = 10.0.40219.1
Project("{FAE04EC0-301F-11D3-BF4B-00C04F79EFBC}") = "GerenciamentoFuncionarioDepartamento", "GerenciamentoFuncionarioDepartamento.csproj", "{DA2C2256-37EB-1A2D-A364-A4A40447855A}"
EndProject
Global
	GlobalSection(SolutionConfigurationPlatforms) = preSolution
		Debug|Any CPU = Debug|Any CPU
		Release|Any CPU = Release|Any CPU
	EndGlobalSection
	GlobalSection(ProjectConfigurationPlatforms) = postSolution
		{DA2C2256-37EB-1A2D-A364-A4A40447855A}.Debug|Any CPU.ActiveCfg = Debug|Any CPU
		{DA2C2256-37EB-1A2D-A364-A4A40447855A}.Debug|Any CPU.Build.0 = Debug|Any CPU
		{DA2C2256-37EB-1A2D-A364-A4A40447855A}.Release|Any CPU.ActiveCfg = Release|Any CPU
		{DA2C2256-37EB-1A2D-A364-A4A40447855A}.Release|Any CPU.Build.0 = Release|Any CPU
	EndGlobalSection
	GlobalSection(SolutionProperties) = preSolution
		HideSolutionNode = FALSE
	EndGlobalSection
	GlobalSection(ExtensibilityGlobals) = postSolution
		SolutionGuid = {0EB1AB76-90C5-41E1-96E9-63F15C70F2E7}
	EndGlobalSection
EndGlobal
